// !$*UTF8*$!
{
	archiveVersion = 1;
	classes = {
	};
	objectVersion = 56;
	objects = {

/* Begin PBXBuildFile section */
		49D0F38ADE450DDD9EBA683A /* Pods_ImageDownloadManager.framework in Frameworks */ = {isa = PBXBuildFile; fileRef = 2C20C6160591D20CA882E8D4 /* Pods_ImageDownloadManager.framework */; };
		541AD4C429ACE9C1001D66E6 /* ImageDownloadCollectionViewCell.swift in Sources */ = {isa = PBXBuildFile; fileRef = 541AD4C329ACE9C1001D66E6 /* ImageDownloadCollectionViewCell.swift */; };
		541AD4C829B0312B001D66E6 /* ImageModel.swift in Sources */ = {isa = PBXBuildFile; fileRef = 541AD4C729B0312B001D66E6 /* ImageModel.swift */; };
		54494D4B29AB8A3600D8D2F2 /* AppDelegate.swift in Sources */ = {isa = PBXBuildFile; fileRef = 54494D4A29AB8A3600D8D2F2 /* AppDelegate.swift */; };
		54494D4D29AB8A3600D8D2F2 /* SceneDelegate.swift in Sources */ = {isa = PBXBuildFile; fileRef = 54494D4C29AB8A3600D8D2F2 /* SceneDelegate.swift */; };
		54494D4F29AB8A3600D8D2F2 /* ViewController.swift in Sources */ = {isa = PBXBuildFile; fileRef = 54494D4E29AB8A3600D8D2F2 /* ViewController.swift */; };
		54494D5429AB8A3700D8D2F2 /* Assets.xcassets in Resources */ = {isa = PBXBuildFile; fileRef = 54494D5329AB8A3700D8D2F2 /* Assets.xcassets */; };
		54494D5729AB8A3700D8D2F2 /* LaunchScreen.storyboard in Resources */ = {isa = PBXBuildFile; fileRef = 54494D5529AB8A3700D8D2F2 /* LaunchScreen.storyboard */; };
/* End PBXBuildFile section */

/* Begin PBXFileReference section */
		14E8AC516C7B1A636EE2CD6C /* Pods-ImageDownloadManager.release.xcconfig */ = {isa = PBXFileReference; includeInIndex = 1; lastKnownFileType = text.xcconfig; name = "Pods-ImageDownloadManager.release.xcconfig"; path = "Target Support Files/Pods-ImageDownloadManager/Pods-ImageDownloadManager.release.xcconfig"; sourceTree = "<group>"; };
		2C20C6160591D20CA882E8D4 /* Pods_ImageDownloadManager.framework */ = {isa = PBXFileReference; explicitFileType = wrapper.framework; includeInIndex = 0; path = Pods_ImageDownloadManager.framework; sourceTree = BUILT_PRODUCTS_DIR; };
		541AD4C329ACE9C1001D66E6 /* ImageDownloadCollectionViewCell.swift */ = {isa = PBXFileReference; lastKnownFileType = sourcecode.swift; path = ImageDownloadCollectionViewCell.swift; sourceTree = "<group>"; };
		541AD4C729B0312B001D66E6 /* ImageModel.swift */ = {isa = PBXFileReference; lastKnownFileType = sourcecode.swift; path = ImageModel.swift; sourceTree = "<group>"; };
		54494D4729AB8A3600D8D2F2 /* ImageDownloadManager.app */ = {isa = PBXFileReference; explicitFileType = wrapper.application; includeInIndex = 0; path = ImageDownloadManager.app; sourceTree = BUILT_PRODUCTS_DIR; };
		54494D4A29AB8A3600D8D2F2 /* AppDelegate.swift */ = {isa = PBXFileReference; lastKnownFileType = sourcecode.swift; path = AppDelegate.swift; sourceTree = "<group>"; };
		54494D4C29AB8A3600D8D2F2 /* SceneDelegate.swift */ = {isa = PBXFileReference; lastKnownFileType = sourcecode.swift; path = SceneDelegate.swift; sourceTree = "<group>"; };
		54494D4E29AB8A3600D8D2F2 /* ViewController.swift */ = {isa = PBXFileReference; lastKnownFileType = sourcecode.swift; path = ViewController.swift; sourceTree = "<group>"; };
		54494D5329AB8A3700D8D2F2 /* Assets.xcassets */ = {isa = PBXFileReference; lastKnownFileType = folder.assetcatalog; path = Assets.xcassets; sourceTree = "<group>"; };
		54494D5629AB8A3700D8D2F2 /* Base */ = {isa = PBXFileReference; lastKnownFileType = file.storyboard; name = Base; path = Base.lproj/LaunchScreen.storyboard; sourceTree = "<group>"; };
		54494D5829AB8A3700D8D2F2 /* Info.plist */ = {isa = PBXFileReference; lastKnownFileType = text.plist.xml; path = Info.plist; sourceTree = "<group>"; };
		DBF0A4A9C3FA3C78F2BD2AEC /* Pods-ImageDownloadManager.debug.xcconfig */ = {isa = PBXFileReference; includeInIndex = 1; lastKnownFileType = text.xcconfig; name = "Pods-ImageDownloadManager.debug.xcconfig"; path = "Target Support Files/Pods-ImageDownloadManager/Pods-ImageDownloadManager.debug.xcconfig"; sourceTree = "<group>"; };
/* End PBXFileReference section */

/* Begin PBXFrameworksBuildPhase section */
		54494D4429AB8A3600D8D2F2 /* Frameworks */ = {
			isa = PBXFrameworksBuildPhase;
			buildActionMask = 2147483647;
			files = (
				49D0F38ADE450DDD9EBA683A /* Pods_ImageDownloadManager.framework in Frameworks */,
			);
			runOnlyForDeploymentPostprocessing = 0;
		};
/* End PBXFrameworksBuildPhase section */

/* Begin PBXGroup section */
		04503A27BC7E1662568F636E /* Frameworks */ = {
			isa = PBXGroup;
			children = (
				54494D4829AB8A3600D8D2F2 /* Products */,
				DC4771BC98522BDA480875F0 /* Pods */,
				2C20C6160591D20CA882E8D4 /* Pods_ImageDownloadManager.framework */,
			);
			name = Frameworks;
			sourceTree = "<group>";
		};
		541AD4BE29ACE5D5001D66E6 /* App */ = {
			isa = PBXGroup;
			children = (
				54494D4A29AB8A3600D8D2F2 /* AppDelegate.swift */,
				54494D4C29AB8A3600D8D2F2 /* SceneDelegate.swift */,
			);
			path = App;
			sourceTree = "<group>";
		};
		541AD4BF29ACE5EB001D66E6 /* Models */ = {
			isa = PBXGroup;
			children = (
				541AD4C729B0312B001D66E6 /* ImageModel.swift */,
			);
			path = Models;
			sourceTree = "<group>";
		};
		541AD4C029ACE603001D66E6 /* Views */ = {
			isa = PBXGroup;
			children = (
				541AD4C329ACE9C1001D66E6 /* ImageDownloadCollectionViewCell.swift */,
			);
			path = Views;
			sourceTree = "<group>";
		};
		541AD4C129ACE60D001D66E6 /* Controllers */ = {
			isa = PBXGroup;
			children = (
				54494D4E29AB8A3600D8D2F2 /* ViewController.swift */,
			);
			path = Controllers;
			sourceTree = "<group>";
		};
		541AD4C229ACE6D2001D66E6 /* Resources */ = {
			isa = PBXGroup;
			children = (
				54494D5329AB8A3700D8D2F2 /* Assets.xcassets */,
				54494D5529AB8A3700D8D2F2 /* LaunchScreen.storyboard */,
			);
			path = Resources;
			sourceTree = "<group>";
		};
		54494D3E29AB8A3600D8D2F2 = {
			isa = PBXGroup;
			children = (
				54494D4929AB8A3600D8D2F2 /* ImageDownloadManager */,
				04503A27BC7E1662568F636E /* Frameworks */,
			);
			sourceTree = "<group>";
		};
		54494D4829AB8A3600D8D2F2 /* Products */ = {
			isa = PBXGroup;
			children = (
				54494D4729AB8A3600D8D2F2 /* ImageDownloadManager.app */,
			);
			name = Products;
			sourceTree = "<group>";
		};
		54494D4929AB8A3600D8D2F2 /* ImageDownloadManager */ = {
			isa = PBXGroup;
			children = (
				541AD4BE29ACE5D5001D66E6 /* App */,
				541AD4BF29ACE5EB001D66E6 /* Models */,
				541AD4C029ACE603001D66E6 /* Views */,
				541AD4C129ACE60D001D66E6 /* Controllers */,
				541AD4C229ACE6D2001D66E6 /* Resources */,
				54494D5829AB8A3700D8D2F2 /* Info.plist */,
			);
			path = ImageDownloadManager;
			sourceTree = "<group>";
		};
		DC4771BC98522BDA480875F0 /* Pods */ = {
			isa = PBXGroup;
			children = (
				DBF0A4A9C3FA3C78F2BD2AEC /* Pods-ImageDownloadManager.debug.xcconfig */,
				14E8AC516C7B1A636EE2CD6C /* Pods-ImageDownloadManager.release.xcconfig */,
			);
			path = Pods;
			sourceTree = "<group>";
		};
/* End PBXGroup section */

/* Begin PBXNativeTarget section */
		54494D4629AB8A3600D8D2F2 /* ImageDownloadManager */ = {
			isa = PBXNativeTarget;
			buildConfigurationList = 54494D5B29AB8A3700D8D2F2 /* Build configuration list for PBXNativeTarget "ImageDownloadManager" */;
			buildPhases = (
				FA35D9EAD11366773E07A471 /* [CP] Check Pods Manifest.lock */,
				54494D4329AB8A3600D8D2F2 /* Sources */,
				54494D4429AB8A3600D8D2F2 /* Frameworks */,
				54494D4529AB8A3600D8D2F2 /* Resources */,
				1FEDDE1AFC28111EA97A532D /* [CP] Embed Pods Frameworks */,
			);
			buildRules = (
			);
			dependencies = (
			);
			name = ImageDownloadManager;
			productName = ImageDownloadManager;
			productReference = 54494D4729AB8A3600D8D2F2 /* ImageDownloadManager.app */;
			productType = "com.apple.product-type.application";
		};
/* End PBXNativeTarget section */

/* Begin PBXProject section */
		54494D3F29AB8A3600D8D2F2 /* Project object */ = {
			isa = PBXProject;
			attributes = {
				BuildIndependentTargetsInParallel = 1;
				LastSwiftUpdateCheck = 1420;
				LastUpgradeCheck = 1420;
				TargetAttributes = {
					54494D4629AB8A3600D8D2F2 = {
						CreatedOnToolsVersion = 14.2;
					};
				};
			};
			buildConfigurationList = 54494D4229AB8A3600D8D2F2 /* Build configuration list for PBXProject "ImageDownloadManager" */;
			compatibilityVersion = "Xcode 14.0";
			developmentRegion = en;
			hasScannedForEncodings = 0;
			knownRegions = (
				en,
				Base,
			);
			mainGroup = 54494D3E29AB8A3600D8D2F2;
			productRefGroup = 54494D4829AB8A3600D8D2F2 /* Products */;
			projectDirPath = "";
			projectRoot = "";
			targets = (
				54494D4629AB8A3600D8D2F2 /* ImageDownloadManager */,
			);
		};
/* End PBXProject section */

/* Begin PBXResourcesBuildPhase section */
		54494D4529AB8A3600D8D2F2 /* Resources */ = {
			isa = PBXResourcesBuildPhase;
			buildActionMask = 2147483647;
			files = (
				54494D5729AB8A3700D8D2F2 /* LaunchScreen.storyboard in Resources */,
				54494D5429AB8A3700D8D2F2 /* Assets.xcassets in Resources */,
			);
			runOnlyForDeploymentPostprocessing = 0;
		};
/* End PBXResourcesBuildPhase section */

/* Begin PBXShellScriptBuildPhase section */
		1FEDDE1AFC28111EA97A532D /* [CP] Embed Pods Frameworks */ = {
			isa = PBXShellScriptBuildPhase;
			buildActionMask = 2147483647;
			files = (
			);
			inputFileListPaths = (
				"${PODS_ROOT}/Target Support Files/Pods-ImageDownloadManager/Pods-ImageDownloadManager-frameworks-${CONFIGURATION}-input-files.xcfilelist",
			);
			name = "[CP] Embed Pods Frameworks";
			outputFileListPaths = (
				"${PODS_ROOT}/Target Support Files/Pods-ImageDownloadManager/Pods-ImageDownloadManager-frameworks-${CONFIGURATION}-output-files.xcfilelist",
			);
			runOnlyForDeploymentPostprocessing = 0;
			shellPath = /bin/sh;
			shellScript = "\"${PODS_ROOT}/Target Support Files/Pods-ImageDownloadManager/Pods-ImageDownloadManager-frameworks.sh\"\n";
			showEnvVarsInLog = 0;
		};
		FA35D9EAD11366773E07A471 /* [CP] Check Pods Manifest.lock */ = {
			isa = PBXShellScriptBuildPhase;
			buildActionMask = 2147483647;
			files = (
			);
			inputFileListPaths = (
			);
			inputPaths = (
				"${PODS_PODFILE_DIR_PATH}/Podfile.lock",
				"${PODS_ROOT}/Manifest.lock",
			);
			name = "[CP] Check Pods Manifest.lock";
			outputFileListPaths = (
			);
			outputPaths = (
				"$(DERIVED_FILE_DIR)/Pods-ImageDownloadManager-checkManifestLockResult.txt",
			);
			runOnlyForDeploymentPostprocessing = 0;
			shellPath = /bin/sh;
			shellScript = "diff \"${PODS_PODFILE_DIR_PATH}/Podfile.lock\" \"${PODS_ROOT}/Manifest.lock\" > /dev/null\nif [ $? != 0 ] ; then\n    # print error to STDERR\n    echo \"error: The sandbox is not in sync with the Podfile.lock. Run 'pod install' or update your CocoaPods installation.\" >&2\n    exit 1\nfi\n# This output is used by Xcode 'outputs' to avoid re-running this script phase.\necho \"SUCCESS\" > \"${SCRIPT_OUTPUT_FILE_0}\"\n";
			showEnvVarsInLog = 0;
		};
/* End PBXShellScriptBuildPhase section */

/* Begin PBXSourcesBuildPhase section */
		54494D4329AB8A3600D8D2F2 /* Sources */ = {
			isa = PBXSourcesBuildPhase;
			buildActionMask = 2147483647;
			files = (
				54494D4F29AB8A3600D8D2F2 /* ViewController.swift in Sources */,
				54494D4B29AB8A3600D8D2F2 /* AppDelegate.swift in Sources */,
				541AD4C429ACE9C1001D66E6 /* ImageDownloadCollectionViewCell.swift in Sources */,
				54494D4D29AB8A3600D8D2F2 /* SceneDelegate.swift in Sources */,
				541AD4C829B0312B001D66E6 /* ImageModel.swift in Sources */,
			);
			runOnlyForDeploymentPostprocessing = 0;
		};
/* End PBXSourcesBuildPhase section */

/* Begin PBXVariantGroup section */
		54494D5529AB8A3700D8D2F2 /* LaunchScreen.storyboard */ = {
			isa = PBXVariantGroup;
			children = (
				54494D5629AB8A3700D8D2F2 /* Base */,
			);
			name = LaunchScreen.storyboard;
			sourceTree = "<group>";
		};
/* End PBXVariantGroup section */

/* Begin XCBuildConfiguration section */
		54494D5929AB8A3700D8D2F2 /* Debug */ = {
			isa = XCBuildConfiguration;
			buildSettings = {
				ALWAYS_SEARCH_USER_PATHS = NO;
				CLANG_ANALYZER_NONNULL = YES;
				CLANG_ANALYZER_NUMBER_OBJECT_CONVERSION = YES_AGGRESSIVE;
				CLANG_CXX_LANGUAGE_STANDARD = "gnu++20";
				CLANG_ENABLE_MODULES = YES;
				CLANG_ENABLE_OBJC_ARC = YES;
				CLANG_ENABLE_OBJC_WEAK = YES;
				CLANG_WARN_BLOCK_CAPTURE_AUTORELEASING = YES;
				CLANG_WARN_BOOL_CONVERSION = YES;
				CLANG_WARN_COMMA = YES;
				CLANG_WARN_CONSTANT_CONVERSION = YES;
				CLANG_WARN_DEPRECATED_OBJC_IMPLEMENTATIONS = YES;
				CLANG_WARN_DIRECT_OBJC_ISA_USAGE = YES_ERROR;
				CLANG_WARN_DOCUMENTATION_COMMENTS = YES;
				CLANG_WARN_EMPTY_BODY = YES;
				CLANG_WARN_ENUM_CONVERSION = YES;
				CLANG_WARN_INFINITE_RECURSION = YES;
				CLANG_WARN_INT_CONVERSION = YES;
				CLANG_WARN_NON_LITERAL_NULL_CONVERSION = YES;
				CLANG_WARN_OBJC_IMPLICIT_RETAIN_SELF = YES;
				CLANG_WARN_OBJC_LITERAL_CONVERSION = YES;
				CLANG_WARN_OBJC_ROOT_CLASS = YES_ERROR;
				CLANG_WARN_QUOTED_INCLUDE_IN_FRAMEWORK_HEADER = YES;
				CLANG_WARN_RANGE_LOOP_ANALYSIS = YES;
				CLANG_WARN_STRICT_PROTOTYPES = YES;
				CLANG_WARN_SUSPICIOUS_MOVE = YES;
				CLANG_WARN_UNGUARDED_AVAILABILITY = YES_AGGRESSIVE;
				CLANG_WARN_UNREACHABLE_CODE = YES;
				CLANG_WARN__DUPLICATE_METHOD_MATCH = YES;
				COPY_PHASE_STRIP = NO;
				DEBUG_INFORMATION_FORMAT = dwarf;
				ENABLE_STRICT_OBJC_MSGSEND = YES;
				ENABLE_TESTABILITY = YES;
				GCC_C_LANGUAGE_STANDARD = gnu11;
				GCC_DYNAMIC_NO_PIC = NO;
				GCC_NO_COMMON_BLOCKS = YES;
				GCC_OPTIMIZATION_LEVEL = 0;
				GCC_PREPROCESSOR_DEFINITIONS = (
					"DEBUG=1",
					"$(inherited)",
				);
				GCC_WARN_64_TO_32_BIT_CONVERSION = YES;
				GCC_WARN_ABOUT_RETURN_TYPE = YES_ERROR;
				GCC_WARN_UNDECLARED_SELECTOR = YES;
				GCC_WARN_UNINITIALIZED_AUTOS = YES_AGGRESSIVE;
				GCC_WARN_UNUSED_FUNCTION = YES;
				GCC_WARN_UNUSED_VARIABLE = YES;
				IPHONEOS_DEPLOYMENT_TARGET = 16.2;
				MTL_ENABLE_DEBUG_INFO = INCLUDE_SOURCE;
				MTL_FAST_MATH = YES;
				ONLY_ACTIVE_ARCH = YES;
				SDKROOT = iphoneos;
				SWIFT_ACTIVE_COMPILATION_CONDITIONS = DEBUG;
				SWIFT_OPTIMIZATION_LEVEL = "-Onone";
			};
			name = Debug;
		};
		54494D5A29AB8A3700D8D2F2 /* Release */ = {
			isa = XCBuildConfiguration;
			buildSettings = {
				ALWAYS_SEARCH_USER_PATHS = NO;
				CLANG_ANALYZER_NONNULL = YES;
				CLANG_ANALYZER_NUMBER_OBJECT_CONVERSION = YES_AGGRESSIVE;
				CLANG_CXX_LANGUAGE_STANDARD = "gnu++20";
				CLANG_ENABLE_MODULES = YES;
				CLANG_ENABLE_OBJC_ARC = YES;
				CLANG_ENABLE_OBJC_WEAK = YES;
				CLANG_WARN_BLOCK_CAPTURE_AUTORELEASING = YES;
				CLANG_WARN_BOOL_CONVERSION = YES;
				CLANG_WARN_COMMA = YES;
				CLANG_WARN_CONSTANT_CONVERSION = YES;
				CLANG_WARN_DEPRECATED_OBJC_IMPLEMENTATIONS = YES;
				CLANG_WARN_DIRECT_OBJC_ISA_USAGE = YES_ERROR;
				CLANG_WARN_DOCUMENTATION_COMMENTS = YES;
				CLANG_WARN_EMPTY_BODY = YES;
				CLANG_WARN_ENUM_CONVERSION = YES;
				CLANG_WARN_INFINITE_RECURSION = YES;
				CLANG_WARN_INT_CONVERSION = YES;
				CLANG_WARN_NON_LITERAL_NULL_CONVERSION = YES;
				CLANG_WARN_OBJC_IMPLICIT_RETAIN_SELF = YES;
				CLANG_WARN_OBJC_LITERAL_CONVERSION = YES;
				CLANG_WARN_OBJC_ROOT_CLASS = YES_ERROR;
				CLANG_WARN_QUOTED_INCLUDE_IN_FRAMEWORK_HEADER = YES;
				CLANG_WARN_RANGE_LOOP_ANALYSIS = YES;
				CLANG_WARN_STRICT_PROTOTYPES = YES;
				CLANG_WARN_SUSPICIOUS_MOVE = YES;
				CLANG_WARN_UNGUARDED_AVAILABILITY = YES_AGGRESSIVE;
				CLANG_WARN_UNREACHABLE_CODE = YES;
				CLANG_WARN__DUPLICATE_METHOD_MATCH = YES;
				COPY_PHASE_STRIP = NO;
				DEBUG_INFORMATION_FORMAT = "dwarf-with-dsym";
				ENABLE_NS_ASSERTIONS = NO;
				ENABLE_STRICT_OBJC_MSGSEND = YES;
				GCC_C_LANGUAGE_STANDARD = gnu11;
				GCC_NO_COMMON_BLOCKS = YES;
				GCC_WARN_64_TO_32_BIT_CONVERSION = YES;
				GCC_WARN_ABOUT_RETURN_TYPE = YES_ERROR;
				GCC_WARN_UNDECLARED_SELECTOR = YES;
				GCC_WARN_UNINITIALIZED_AUTOS = YES_AGGRESSIVE;
				GCC_WARN_UNUSED_FUNCTION = YES;
				GCC_WARN_UNUSED_VARIABLE = YES;
				IPHONEOS_DEPLOYMENT_TARGET = 16.2;
				MTL_ENABLE_DEBUG_INFO = NO;
				MTL_FAST_MATH = YES;
				SDKROOT = iphoneos;
				SWIFT_COMPILATION_MODE = wholemodule;
				SWIFT_OPTIMIZATION_LEVEL = "-O";
				VALIDATE_PRODUCT = YES;
			};
			name = Release;
		};
		54494D5C29AB8A3700D8D2F2 /* Debug */ = {
			isa = XCBuildConfiguration;
			baseConfigurationReference = DBF0A4A9C3FA3C78F2BD2AEC /* Pods-ImageDownloadManager.debug.xcconfig */;
			buildSettings = {
				ASSETCATALOG_COMPILER_APPICON_NAME = AppIcon;
				ASSETCATALOG_COMPILER_GLOBAL_ACCENT_COLOR_NAME = AccentColor;
				CODE_SIGN_STYLE = Automatic;
				CURRENT_PROJECT_VERSION = 1;
				DEVELOPMENT_TEAM = "";
				GENERATE_INFOPLIST_FILE = YES;
				INFOPLIST_FILE = ImageDownloadManager/Info.plist;
				INFOPLIST_KEY_UIApplicationSupportsIndirectInputEvents = YES;
				INFOPLIST_KEY_UILaunchStoryboardName = LaunchScreen;
				INFOPLIST_KEY_UISupportedInterfaceOrientations_iPad = "UIInterfaceOrientationPortrait UIInterfaceOrientationPortraitUpsideDown UIInterfaceOrientationLandscapeLeft UIInterfaceOrientationLandscapeRight";
				INFOPLIST_KEY_UISupportedInterfaceOrientations_iPhone = "UIInterfaceOrientationPortrait UIInterfaceOrientationLandscapeLeft UIInterfaceOrientationLandscapeRight";
				IPHONEOS_DEPLOYMENT_TARGET = 15.1;
				LD_RUNPATH_SEARCH_PATHS = (
					"$(inherited)",
					"@executable_path/Frameworks",
				);
				MARKETING_VERSION = 1.0;
				PRODUCT_BUNDLE_IDENTIFIER = KSH.ImageDownloadManager;
				PRODUCT_NAME = "$(TARGET_NAME)";
				SUPPORTED_PLATFORMS = "iphoneos iphonesimulator";
				SUPPORTS_MACCATALYST = NO;
				SUPPORTS_MAC_DESIGNED_FOR_IPHONE_IPAD = NO;
				SWIFT_EMIT_LOC_STRINGS = YES;
				SWIFT_VERSION = 5.0;
				TARGETED_DEVICE_FAMILY = 1;
			};
			name = Debug;
		};
		54494D5D29AB8A3700D8D2F2 /* Release */ = {
			isa = XCBuildConfiguration;
			baseConfigurationReference = 14E8AC516C7B1A636EE2CD6C /* Pods-ImageDownloadManager.release.xcconfig */;
			buildSettings = {
				ASSETCATALOG_COMPILER_APPICON_NAME = AppIcon;
				ASSETCATALOG_COMPILER_GLOBAL_ACCENT_COLOR_NAME = AccentColor;
				CODE_SIGN_STYLE = Automatic;
				CURRENT_PROJECT_VERSION = 1;
				DEVELOPMENT_TEAM = "";
				GENERATE_INFOPLIST_FILE = YES;
				INFOPLIST_FILE = ImageDownloadManager/Info.plist;
				INFOPLIST_KEY_UIApplicationSupportsIndirectInputEvents = YES;
				INFOPLIST_KEY_UILaunchStoryboardName = LaunchScreen;
				INFOPLIST_KEY_UISupportedInterfaceOrientations_iPad = "UIInterfaceOrientationPortrait UIInterfaceOrientationPortraitUpsideDown UIInterfaceOrientationLandscapeLeft UIInterfaceOrientationLandscapeRight";
				INFOPLIST_KEY_UISupportedInterfaceOrientations_iPhone = "UIInterfaceOrientationPortrait UIInterfaceOrientationLandscapeLeft UIInterfaceOrientationLandscapeRight";
				IPHONEOS_DEPLOYMENT_TARGET = 15.1;
				LD_RUNPATH_SEARCH_PATHS = (
					"$(inherited)",
					"@executable_path/Frameworks",
				);
				MARKETING_VERSION = 1.0;
				PRODUCT_BUNDLE_IDENTIFIER = KSH.ImageDownloadManager;
				PRODUCT_NAME = "$(TARGET_NAME)";
				SUPPORTED_PLATFORMS = "iphoneos iphonesimulator";
				SUPPORTS_MACCATALYST = NO;
				SUPPORTS_MAC_DESIGNED_FOR_IPHONE_IPAD = NO;
				SWIFT_EMIT_LOC_STRINGS = YES;
				SWIFT_VERSION = 5.0;
				TARGETED_DEVICE_FAMILY = 1;
			};
			name = Release;
		};
/* End XCBuildConfiguration section */

/* Begin XCConfigurationList section */
		54494D4229AB8A3600D8D2F2 /* Build configuration list for PBXProject "ImageDownloadManager" */ = {
			isa = XCConfigurationList;
			buildConfigurations = (
				54494D5929AB8A3700D8D2F2 /* Debug */,
				54494D5A29AB8A3700D8D2F2 /* Release */,
			);
			defaultConfigurationIsVisible = 0;
			defaultConfigurationName = Release;
		};
		54494D5B29AB8A3700D8D2F2 /* Build configuration list for PBXNativeTarget "ImageDownloadManager" */ = {
			isa = XCConfigurationList;
			buildConfigurations = (
				54494D5C29AB8A3700D8D2F2 /* Debug */,
				54494D5D29AB8A3700D8D2F2 /* Release */,
			);
			defaultConfigurationIsVisible = 0;
			defaultConfigurationName = Release;
		};
/* End XCConfigurationList section */
	};
	rootObject = 54494D3F29AB8A3600D8D2F2 /* Project object */;
}
